{
  "name": "web-finca-arriaga",
  "version": "1.0.0",
  "lockfileVersion": 2,
  "requires": true,
  "packages": {
    "": {
      "version": "1.0.0",
      "license": "ISC",
      "dependencies": {
        "porto": "github:makingdevs/theme_finca_arriaga"
      }
    },
    "node_modules/porto": {
      "resolved": "git+ssh://git@github.com/makingdevs/theme_finca_arriaga.git#ada304d373ae9c47a8964c6baa20021b962ce987"
    }
  },
  "dependencies": {
    "porto": {
      "version": "git+ssh://git@github.com/makingdevs/theme_finca_arriaga.git#ada304d373ae9c47a8964c6baa20021b962ce987",
      "from": "porto@github:makingdevs/theme_finca_arriaga"
    }
  }
}
